
Microsoft Visual Studio Solution File, Format Version 12.00
# Visual Studio Version 16
VisualStudioVersion = 16.0.29613.14
MinimumVisualStudioVersion = 10.0.40219.1
Project("{FAE04EC0-301F-11D3-BF4B-00C04F79EFBC}") = "Learn_English", "Learn_English.csproj", "{C1AC23BD-2387-4382-9608-BA26CCBCDD89}"
EndProject
Global
	GlobalSection(SolutionConfigurationPlatforms) = preSolution
		Debug|Any CPU = Debug|Any CPU
		Release|Any CPU = Release|Any CPU
	EndGlobalSection
	GlobalSection(ProjectConfigurationPlatforms) = postSolution
		{C1AC23BD-2387-4382-9608-BA26CCBCDD89}.Debug|Any CPU.ActiveCfg = Debug|Any CPU
		{C1AC23BD-2387-4382-9608-BA26CCBCDD89}.Debug|Any CPU.Build.0 = Debug|Any CPU
		{C1AC23BD-2387-4382-9608-BA26CCBCDD89}.Release|Any CPU.ActiveCfg = Release|Any CPU
		{C1AC23BD-2387-4382-9608-BA26CCBCDD89}.Release|Any CPU.Build.0 = Release|Any CPU
	EndGlobalSection
	GlobalSection(SolutionProperties) = preSolution
		HideSolutionNode = FALSE
	EndGlobalSection
	GlobalSection(ExtensibilityGlobals) = postSolution
		SolutionGuid = {F96F2834-60AC-456B-BCE2-8C2D340D6D99}
	EndGlobalSection
EndGlobal
